# THIS IS AN AUTOGENERATED FILE. DO NOT EDIT THIS FILE DIRECTLY.
# yarn lockfile v1


"@types/node@^9.4.6":
  version "9.4.6"
  resolved "https://registry.yarnpkg.com/@types/node/-/node-9.4.6.tgz#d8176d864ee48753d053783e4e463aec86b8d82e"

makestack@^0.3.2:
  version "0.3.2"
  resolved "https://registry.yarnpkg.com/makestack/-/makestack-0.3.2.tgz#3718ccc52a2595e1ec8cd48705ec0ead633dab55"
  dependencies:
    nan "^2.8.0"

nan@^2.8.0:
  version "2.8.0"
  resolved "https://registry.yarnpkg.com/nan/-/nan-2.8.0.tgz#ed715f3fe9de02b57a5e6252d90a96675e1f085a"

typescript@^2.7.2:
  version "2.7.2"
  resolved "https://registry.yarnpkg.com/typescript/-/typescript-2.7.2.tgz#2d615a1ef4aee4f574425cdff7026edf81919836"
