[[package]]
name = "fatfs"
version = "0.0.1"
dependencies = [
 "resea 0.0.1",
 "resea_langitems 0.0.1",
]

[[package]]
name = "pc"
version = "0.0.1"
dependencies = [
 "resea 0.0.1",
 "resea_langitems 0.0.1",
]

[[package]]
name = "resea"
version = "0.0.1"

[[package]]
name = "resea_langitems"
version = "0.0.1"
dependencies = [
 "resea 0.0.1",
]

[[package]]
name = "session"
version = "0.0.1"
dependencies = [
 "resea 0.0.1",
 "resea_langitems 0.0.1",
]

[[package]]
name = "virtio"
version = "0.0.1"
dependencies = [
 "resea 0.0.1",
]

[[package]]
name = "virtio-blk"
version = "0.0.1"
dependencies = [
 "resea 0.0.1",
 "resea_langitems 0.0.1",
 "virtio 0.0.1",
]

[[package]]
name = "virtio-net"
version = "0.0.1"
dependencies = [
 "resea 0.0.1",
 "resea_langitems 0.0.1",
 "virtio 0.0.1",
]

